
Microsoft Visual Studio Solution File, Format Version 12.00
# Visual Studio Version 17
VisualStudioVersion = 17.5.33424.131
MinimumVisualStudioVersion = 10.0.40219.1
Project("{FAE04EC0-301F-11D3-BF4B-00C04F79EFBC}") = "Sale.Shared", "Sale.Shared\Sale.Shared.csproj", "{9C6B6671-D359-41B7-9B27-2EA23E4DA888}"
EndProject
Project("{FAE04EC0-301F-11D3-BF4B-00C04F79EFBC}") = "Sale.API", "Sale.API\Sale.API.csproj", "{13CA1FC4-562E-46F0-8F61-2B3DBF01C3EE}"
EndProject
Project("{FAE04EC0-301F-11D3-BF4B-00C04F79EFBC}") = "Sale.WEB", "Sale.WEB\Sale.WEB.csproj", "{788A7334-50C3-4249-99A6-6533E58BCE9A}"
EndProject
Project("{FAE04EC0-301F-11D3-BF4B-00C04F79EFBC}") = "Sale.Mobile", "Sale.Mobile\Sale.Mobile.csproj", "{59CA37B3-8528-410D-9219-7EE1C44F6AA8}"
EndProject
Global
	GlobalSection(SolutionConfigurationPlatforms) = preSolution
		Debug|Any CPU = Debug|Any CPU
		Release|Any CPU = Release|Any CPU
	EndGlobalSection
	GlobalSection(ProjectConfigurationPlatforms) = postSolution
		{9C6B6671-D359-41B7-9B27-2EA23E4DA888}.Debug|Any CPU.ActiveCfg = Debug|Any CPU
		{9C6B6671-D359-41B7-9B27-2EA23E4DA888}.Debug|Any CPU.Build.0 = Debug|Any CPU
		{9C6B6671-D359-41B7-9B27-2EA23E4DA888}.Release|Any CPU.ActiveCfg = Release|Any CPU
		{9C6B6671-D359-41B7-9B27-2EA23E4DA888}.Release|Any CPU.Build.0 = Release|Any CPU
		{13CA1FC4-562E-46F0-8F61-2B3DBF01C3EE}.Debug|Any CPU.ActiveCfg = Debug|Any CPU
		{13CA1FC4-562E-46F0-8F61-2B3DBF01C3EE}.Debug|Any CPU.Build.0 = Debug|Any CPU
		{13CA1FC4-562E-46F0-8F61-2B3DBF01C3EE}.Release|Any CPU.ActiveCfg = Release|Any CPU
		{13CA1FC4-562E-46F0-8F61-2B3DBF01C3EE}.Release|Any CPU.Build.0 = Release|Any CPU
		{788A7334-50C3-4249-99A6-6533E58BCE9A}.Debug|Any CPU.ActiveCfg = Debug|Any CPU
		{788A7334-50C3-4249-99A6-6533E58BCE9A}.Debug|Any CPU.Build.0 = Debug|Any CPU
		{788A7334-50C3-4249-99A6-6533E58BCE9A}.Release|Any CPU.ActiveCfg = Release|Any CPU
		{788A7334-50C3-4249-99A6-6533E58BCE9A}.Release|Any CPU.Build.0 = Release|Any CPU
		{59CA37B3-8528-410D-9219-7EE1C44F6AA8}.Debug|Any CPU.ActiveCfg = Debug|Any CPU
		{59CA37B3-8528-410D-9219-7EE1C44F6AA8}.Debug|Any CPU.Build.0 = Debug|Any CPU
		{59CA37B3-8528-410D-9219-7EE1C44F6AA8}.Debug|Any CPU.Deploy.0 = Debug|Any CPU
		{59CA37B3-8528-410D-9219-7EE1C44F6AA8}.Release|Any CPU.ActiveCfg = Release|Any CPU
		{59CA37B3-8528-410D-9219-7EE1C44F6AA8}.Release|Any CPU.Build.0 = Release|Any CPU
		{59CA37B3-8528-410D-9219-7EE1C44F6AA8}.Release|Any CPU.Deploy.0 = Release|Any CPU
	EndGlobalSection
	GlobalSection(SolutionProperties) = preSolution
		HideSolutionNode = FALSE
	EndGlobalSection
	GlobalSection(ExtensibilityGlobals) = postSolution
		SolutionGuid = {A7BC0FDD-8F76-4365-B787-744C7EDA246B}
	EndGlobalSection
EndGlobal
